
Microsoft Visual Studio Solution File, Format Version 12.00
# Visual Studio Version 16
VisualStudioVersion = 16.0.29613.14
MinimumVisualStudioVersion = 10.0.40219.1
Project("{888888A0-9F3D-457C-B088-3A5042F75D52}") = "4080 omer", "4080 omer\4080 omer.pyproj", "{575C6317-B771-4B05-8AA9-489738FD5C88}"
EndProject
Global
	GlobalSection(SolutionConfigurationPlatforms) = preSolution
		Debug|Any CPU = Debug|Any CPU
		Release|Any CPU = Release|Any CPU
	EndGlobalSection
	GlobalSection(ProjectConfigurationPlatforms) = postSolution
		{575C6317-B771-4B05-8AA9-489738FD5C88}.Debug|Any CPU.ActiveCfg = Debug|Any CPU
		{575C6317-B771-4B05-8AA9-489738FD5C88}.Debug|Any CPU.Build.0 = Debug|Any CPU
		{575C6317-B771-4B05-8AA9-489738FD5C88}.Release|Any CPU.ActiveCfg = Release|Any CPU
		{575C6317-B771-4B05-8AA9-489738FD5C88}.Release|Any CPU.Build.0 = Release|Any CPU
	EndGlobalSection
	GlobalSection(SolutionProperties) = preSolution
		HideSolutionNode = FALSE
	EndGlobalSection
	GlobalSection(ExtensibilityGlobals) = postSolution
		SolutionGuid = {16875EA2-5885-466C-B3F7-03597696A443}
	EndGlobalSection
EndGlobal
